
Microsoft Visual Studio Solution File, Format Version 12.00
# Visual Studio Version 16
VisualStudioVersion = 16.0.31702.278
MinimumVisualStudioVersion = 10.0.40219.1
Project("{9A19103F-16F7-4668-BE54-9A1E7A4F7556}") = "MovieBlog", "MovieBlog.csproj", "{6959524D-F753-412E-9464-C674E074D7B3}"
EndProject
Global
	GlobalSection(SolutionConfigurationPlatforms) = preSolution
		Debug|Any CPU = Debug|Any CPU
		Release|Any CPU = Release|Any CPU
	EndGlobalSection
	GlobalSection(ProjectConfigurationPlatforms) = postSolution
		{6959524D-F753-412E-9464-C674E074D7B3}.Debug|Any CPU.ActiveCfg = Debug|Any CPU
		{6959524D-F753-412E-9464-C674E074D7B3}.Debug|Any CPU.Build.0 = Debug|Any CPU
		{6959524D-F753-412E-9464-C674E074D7B3}.Release|Any CPU.ActiveCfg = Release|Any CPU
		{6959524D-F753-412E-9464-C674E074D7B3}.Release|Any CPU.Build.0 = Release|Any CPU
	EndGlobalSection
	GlobalSection(SolutionProperties) = preSolution
		HideSolutionNode = FALSE
	EndGlobalSection
	GlobalSection(ExtensibilityGlobals) = postSolution
		SolutionGuid = {78594035-CAAE-4E04-B801-5825AC70827F}
	EndGlobalSection
EndGlobal
